
Microsoft Visual Studio Solution File, Format Version 12.00
# Visual Studio 14
VisualStudioVersion = 14.0.25123.0
MinimumVisualStudioVersion = 10.0.40219.1
Project("{FAE04EC0-301F-11D3-BF4B-00C04F79EFBC}") = "RemoteBase", "ChatRoom\RemoteBase\RemoteBase\RemoteBase.csproj", "{510B59A2-41A5-4265-BD23-17FEF70FD656}"
EndProject
Project("{FAE04EC0-301F-11D3-BF4B-00C04F79EFBC}") = "RemoteServer", "ChatRoom\RemoteServer\RemoteServer\RemoteServer.csproj", "{1FE9C745-6275-4F00-A462-CF5A1FE82134}"
EndProject
Project("{FAE04EC0-301F-11D3-BF4B-00C04F79EFBC}") = "RemotingClient", "ChatRoom\RemotingClient\RemotingClient\RemotingClient.csproj", "{3BE5D7D7-4A4F-4AD4-B8B9-70E19D3FD2FF}"
EndProject
Global
	GlobalSection(SolutionConfigurationPlatforms) = preSolution
		Debug|Any CPU = Debug|Any CPU
		Release|Any CPU = Release|Any CPU
	EndGlobalSection
	GlobalSection(ProjectConfigurationPlatforms) = postSolution
		{510B59A2-41A5-4265-BD23-17FEF70FD656}.Debug|Any CPU.ActiveCfg = Debug|Any CPU
		{510B59A2-41A5-4265-BD23-17FEF70FD656}.Debug|Any CPU.Build.0 = Debug|Any CPU
		{510B59A2-41A5-4265-BD23-17FEF70FD656}.Release|Any CPU.ActiveCfg = Release|Any CPU
		{510B59A2-41A5-4265-BD23-17FEF70FD656}.Release|Any CPU.Build.0 = Release|Any CPU
		{1FE9C745-6275-4F00-A462-CF5A1FE82134}.Debug|Any CPU.ActiveCfg = Debug|Any CPU
		{1FE9C745-6275-4F00-A462-CF5A1FE82134}.Debug|Any CPU.Build.0 = Debug|Any CPU
		{1FE9C745-6275-4F00-A462-CF5A1FE82134}.Release|Any CPU.ActiveCfg = Release|Any CPU
		{1FE9C745-6275-4F00-A462-CF5A1FE82134}.Release|Any CPU.Build.0 = Release|Any CPU
		{3BE5D7D7-4A4F-4AD4-B8B9-70E19D3FD2FF}.Debug|Any CPU.ActiveCfg = Debug|Any CPU
		{3BE5D7D7-4A4F-4AD4-B8B9-70E19D3FD2FF}.Debug|Any CPU.Build.0 = Debug|Any CPU
		{3BE5D7D7-4A4F-4AD4-B8B9-70E19D3FD2FF}.Release|Any CPU.ActiveCfg = Release|Any CPU
		{3BE5D7D7-4A4F-4AD4-B8B9-70E19D3FD2FF}.Release|Any CPU.Build.0 = Release|Any CPU
	EndGlobalSection
	GlobalSection(SolutionProperties) = preSolution
		HideSolutionNode = FALSE
	EndGlobalSection
EndGlobal
