
Microsoft Visual Studio Solution File, Format Version 11.00
# Visual Studio 2010
Project("{FAE04EC0-301F-11D3-BF4B-00C04F79EFBC}") = "ServiceTutorial1", "ServiceTutorial1.csproj", "{48D3CAAD-A3DA-46FD-B6D7-C495D4E58C59}"
EndProject
Global
	GlobalSection(SolutionConfigurationPlatforms) = preSolution
		Debug|Any CPU = Debug|Any CPU
		Release|Any CPU = Release|Any CPU
	EndGlobalSection
	GlobalSection(ProjectConfigurationPlatforms) = postSolution
		{48D3CAAD-A3DA-46FD-B6D7-C495D4E58C59}.Debug|Any CPU.ActiveCfg = Debug|Any CPU
		{48D3CAAD-A3DA-46FD-B6D7-C495D4E58C59}.Debug|Any CPU.Build.0 = Debug|Any CPU
		{48D3CAAD-A3DA-46FD-B6D7-C495D4E58C59}.Release|Any CPU.ActiveCfg = Release|Any CPU
		{48D3CAAD-A3DA-46FD-B6D7-C495D4E58C59}.Release|Any CPU.Build.0 = Release|Any CPU
	EndGlobalSection
	GlobalSection(SolutionProperties) = preSolution
		HideSolutionNode = FALSE
	EndGlobalSection
EndGlobal
