
Microsoft Visual Studio Solution File, Format Version 12.00
# Visual Studio Express 2012 for Windows Desktop
Project("{FAE04EC0-301F-11D3-BF4B-00C04F79EFBC}") = "Server", "NetRemotingServer\Server.csproj", "{66EA48E1-BDFD-4DF5-BA5D-04C3C722E151}"
EndProject
Project("{FAE04EC0-301F-11D3-BF4B-00C04F79EFBC}") = "Client", "NetRemotingClient\Client.csproj", "{B54FB2C9-B969-4608-8BCA-3DD24E42E2EB}"
EndProject
Project("{FAE04EC0-301F-11D3-BF4B-00C04F79EFBC}") = "Library", "NetRemotingLibrary\Library.csproj", "{AA98B2F4-6D57-4AF1-BA2F-82A4E4971F85}"
EndProject
Global
	GlobalSection(SolutionConfigurationPlatforms) = preSolution
		Debug|Any CPU = Debug|Any CPU
		Release|Any CPU = Release|Any CPU
	EndGlobalSection
	GlobalSection(ProjectConfigurationPlatforms) = postSolution
		{66EA48E1-BDFD-4DF5-BA5D-04C3C722E151}.Debug|Any CPU.ActiveCfg = Debug|Any CPU
		{66EA48E1-BDFD-4DF5-BA5D-04C3C722E151}.Debug|Any CPU.Build.0 = Debug|Any CPU
		{66EA48E1-BDFD-4DF5-BA5D-04C3C722E151}.Release|Any CPU.ActiveCfg = Release|Any CPU
		{66EA48E1-BDFD-4DF5-BA5D-04C3C722E151}.Release|Any CPU.Build.0 = Release|Any CPU
		{B54FB2C9-B969-4608-8BCA-3DD24E42E2EB}.Debug|Any CPU.ActiveCfg = Debug|Any CPU
		{B54FB2C9-B969-4608-8BCA-3DD24E42E2EB}.Debug|Any CPU.Build.0 = Debug|Any CPU
		{B54FB2C9-B969-4608-8BCA-3DD24E42E2EB}.Release|Any CPU.ActiveCfg = Release|Any CPU
		{B54FB2C9-B969-4608-8BCA-3DD24E42E2EB}.Release|Any CPU.Build.0 = Release|Any CPU
		{AA98B2F4-6D57-4AF1-BA2F-82A4E4971F85}.Debug|Any CPU.ActiveCfg = Debug|Any CPU
		{AA98B2F4-6D57-4AF1-BA2F-82A4E4971F85}.Debug|Any CPU.Build.0 = Debug|Any CPU
		{AA98B2F4-6D57-4AF1-BA2F-82A4E4971F85}.Release|Any CPU.ActiveCfg = Release|Any CPU
		{AA98B2F4-6D57-4AF1-BA2F-82A4E4971F85}.Release|Any CPU.Build.0 = Release|Any CPU
	EndGlobalSection
	GlobalSection(SolutionProperties) = preSolution
		HideSolutionNode = FALSE
	EndGlobalSection
EndGlobal
