
Microsoft Visual Studio Solution File, Format Version 11.00
# Visual Studio 2010
Project("{FAE04EC0-301F-11D3-BF4B-00C04F79EFBC}") = "SearchClient1", "SearchClient1\SearchClient1.csproj", "{C95F4133-313A-4DF9-A947-50BEE88F68F9}"
EndProject
Global
	GlobalSection(SolutionConfigurationPlatforms) = preSolution
		Debug|x86 = Debug|x86
		Release|x86 = Release|x86
	EndGlobalSection
	GlobalSection(ProjectConfigurationPlatforms) = postSolution
		{C95F4133-313A-4DF9-A947-50BEE88F68F9}.Debug|x86.ActiveCfg = Debug|x86
		{C95F4133-313A-4DF9-A947-50BEE88F68F9}.Debug|x86.Build.0 = Debug|x86
		{C95F4133-313A-4DF9-A947-50BEE88F68F9}.Release|x86.ActiveCfg = Release|x86
		{C95F4133-313A-4DF9-A947-50BEE88F68F9}.Release|x86.Build.0 = Release|x86
	EndGlobalSection
	GlobalSection(SolutionProperties) = preSolution
		HideSolutionNode = FALSE
	EndGlobalSection
EndGlobal
